
Microsoft Visual Studio Solution File, Format Version 12.00
# Visual Studio Version 17
VisualStudioVersion = 17.5.002.0
MinimumVisualStudioVersion = 10.0.40219.1
Project("{9A19103F-16F7-4668-BE54-9A1E7A4F7556}") = "TryCatchInteringMore", "TryCatchInteringMore.csproj", "{71D24627-E0B8-4D0C-A710-F03869AF5BB6}"
EndProject
Global
	GlobalSection(SolutionConfigurationPlatforms) = preSolution
		Debug|Any CPU = Debug|Any CPU
		Release|Any CPU = Release|Any CPU
	EndGlobalSection
	GlobalSection(ProjectConfigurationPlatforms) = postSolution
		{71D24627-E0B8-4D0C-A710-F03869AF5BB6}.Debug|Any CPU.ActiveCfg = Debug|Any CPU
		{71D24627-E0B8-4D0C-A710-F03869AF5BB6}.Debug|Any CPU.Build.0 = Debug|Any CPU
		{71D24627-E0B8-4D0C-A710-F03869AF5BB6}.Release|Any CPU.ActiveCfg = Release|Any CPU
		{71D24627-E0B8-4D0C-A710-F03869AF5BB6}.Release|Any CPU.Build.0 = Release|Any CPU
	EndGlobalSection
	GlobalSection(SolutionProperties) = preSolution
		HideSolutionNode = FALSE
	EndGlobalSection
	GlobalSection(ExtensibilityGlobals) = postSolution
		SolutionGuid = {869DCD44-81F5-4530-B80C-6F49C3D74F1A}
	EndGlobalSection
EndGlobal
